
Microsoft Visual Studio Solution File, Format Version 12.00
# Visual Studio Version 17
VisualStudioVersion = 17.9.34902.65
MinimumVisualStudioVersion = 10.0.40219.1
Project("{E53339B2-1760-4266-BCC7-CA923CBCF16C}") = "docker-compose", "docker-compose.dcproj", "{80ACAD14-72BD-4B17-A062-6ED423177F19}"
EndProject
Project("{9A19103F-16F7-4668-BE54-9A1E7A4F7556}") = "REST_API", "REST_API\REST_API.csproj", "{371A5640-F1B3-46C1-B093-714034E4E636}"
EndProject
Project("{9A19103F-16F7-4668-BE54-9A1E7A4F7556}") = "WebUI", "WebUI\WebUI.csproj", "{C5EBC283-0386-4CDA-9F84-6841A19B1BFE}"
EndProject
Project("{9A19103F-16F7-4668-BE54-9A1E7A4F7556}") = "DAL", "DAL\DAL.csproj", "{50A2E03E-77B6-4114-83B8-12AD306FF2A3}"
EndProject
Global
	GlobalSection(SolutionConfigurationPlatforms) = preSolution
		Debug|Any CPU = Debug|Any CPU
		Release|Any CPU = Release|Any CPU
	EndGlobalSection
	GlobalSection(ProjectConfigurationPlatforms) = postSolution
		{80ACAD14-72BD-4B17-A062-6ED423177F19}.Debug|Any CPU.ActiveCfg = Debug|Any CPU
		{80ACAD14-72BD-4B17-A062-6ED423177F19}.Debug|Any CPU.Build.0 = Debug|Any CPU
		{80ACAD14-72BD-4B17-A062-6ED423177F19}.Release|Any CPU.ActiveCfg = Release|Any CPU
		{80ACAD14-72BD-4B17-A062-6ED423177F19}.Release|Any CPU.Build.0 = Release|Any CPU
		{371A5640-F1B3-46C1-B093-714034E4E636}.Debug|Any CPU.ActiveCfg = Debug|Any CPU
		{371A5640-F1B3-46C1-B093-714034E4E636}.Debug|Any CPU.Build.0 = Debug|Any CPU
		{371A5640-F1B3-46C1-B093-714034E4E636}.Release|Any CPU.ActiveCfg = Release|Any CPU
		{371A5640-F1B3-46C1-B093-714034E4E636}.Release|Any CPU.Build.0 = Release|Any CPU
		{C5EBC283-0386-4CDA-9F84-6841A19B1BFE}.Debug|Any CPU.ActiveCfg = Debug|Any CPU
		{C5EBC283-0386-4CDA-9F84-6841A19B1BFE}.Debug|Any CPU.Build.0 = Debug|Any CPU
		{C5EBC283-0386-4CDA-9F84-6841A19B1BFE}.Release|Any CPU.ActiveCfg = Release|Any CPU
		{C5EBC283-0386-4CDA-9F84-6841A19B1BFE}.Release|Any CPU.Build.0 = Release|Any CPU
		{50A2E03E-77B6-4114-83B8-12AD306FF2A3}.Debug|Any CPU.ActiveCfg = Debug|Any CPU
		{50A2E03E-77B6-4114-83B8-12AD306FF2A3}.Debug|Any CPU.Build.0 = Debug|Any CPU
		{50A2E03E-77B6-4114-83B8-12AD306FF2A3}.Release|Any CPU.ActiveCfg = Release|Any CPU
		{50A2E03E-77B6-4114-83B8-12AD306FF2A3}.Release|Any CPU.Build.0 = Release|Any CPU
	EndGlobalSection
	GlobalSection(SolutionProperties) = preSolution
		HideSolutionNode = FALSE
	EndGlobalSection
	GlobalSection(ExtensibilityGlobals) = postSolution
		SolutionGuid = {40869A2B-0911-4744-BECE-6EB99209C16D}
	EndGlobalSection
EndGlobal
